
Microsoft Visual Studio Solution File, Format Version 12.00
# Visual Studio Version 16
VisualStudioVersion = 16.0.31025.194
MinimumVisualStudioVersion = 10.0.40219.1
Project("{FAE04EC0-301F-11D3-BF4B-00C04F79EFBC}") = "Student_Assignment_System", "Student_Assignment_System\Student_Assignment_System.csproj", "{5177F2A4-0A0D-4520-AF9D-B147116ACAE0}"
EndProject
Global
	GlobalSection(SolutionConfigurationPlatforms) = preSolution
		Debug|Any CPU = Debug|Any CPU
		Release|Any CPU = Release|Any CPU
	EndGlobalSection
	GlobalSection(ProjectConfigurationPlatforms) = postSolution
		{5177F2A4-0A0D-4520-AF9D-B147116ACAE0}.Debug|Any CPU.ActiveCfg = Debug|Any CPU
		{5177F2A4-0A0D-4520-AF9D-B147116ACAE0}.Debug|Any CPU.Build.0 = Debug|Any CPU
		{5177F2A4-0A0D-4520-AF9D-B147116ACAE0}.Release|Any CPU.ActiveCfg = Release|Any CPU
		{5177F2A4-0A0D-4520-AF9D-B147116ACAE0}.Release|Any CPU.Build.0 = Release|Any CPU
	EndGlobalSection
	GlobalSection(SolutionProperties) = preSolution
		HideSolutionNode = FALSE
	EndGlobalSection
	GlobalSection(ExtensibilityGlobals) = postSolution
		SolutionGuid = {F93CADAA-A8DE-47FC-83E8-CD85C18ED2FB}
	EndGlobalSection
EndGlobal
